
Microsoft Visual Studio Solution File, Format Version 12.00
# Visual Studio Version 17
VisualStudioVersion = 17.4.33110.190
MinimumVisualStudioVersion = 10.0.40219.1
Project("{FAE04EC0-301F-11D3-BF4B-00C04F79EFBC}") = "PlayWrightWithSpecflowCSharp", "PlayWrightWithSpecflowCSharp.csproj", "{E4E2D90D-B814-4CA6-BB2F-090A36D1F220}"
EndProject
Global
	GlobalSection(SolutionConfigurationPlatforms) = preSolution
		Debug|Any CPU = Debug|Any CPU
		Release|Any CPU = Release|Any CPU
	EndGlobalSection
	GlobalSection(ProjectConfigurationPlatforms) = postSolution
		{E4E2D90D-B814-4CA6-BB2F-090A36D1F220}.Debug|Any CPU.ActiveCfg = Debug|Any CPU
		{E4E2D90D-B814-4CA6-BB2F-090A36D1F220}.Debug|Any CPU.Build.0 = Debug|Any CPU
		{E4E2D90D-B814-4CA6-BB2F-090A36D1F220}.Release|Any CPU.ActiveCfg = Release|Any CPU
		{E4E2D90D-B814-4CA6-BB2F-090A36D1F220}.Release|Any CPU.Build.0 = Release|Any CPU
	EndGlobalSection
	GlobalSection(SolutionProperties) = preSolution
		HideSolutionNode = FALSE
	EndGlobalSection
	GlobalSection(ExtensibilityGlobals) = postSolution
		SolutionGuid = {BFEA5030-8F0C-4EBE-8F37-EF425AF9273A}
	EndGlobalSection
EndGlobal
